{
  "version": 4,
  "terraform_version": "1.12.2",
  "serial": 28,
  "lineage": "6ebd74ae-0f77-a2ac-6970-de5340e41b5e",
  "outputs": {
    "floating_ip_address": {
      "value": "116.203.4.57",
      "type": "string"
    },
    "server_name": {
      "value": "egle-web",
      "type": "string"
    }
  },
  "resources": [
    {
      "mode": "managed",
      "type": "hcloud_floating_ip",
      "name": "public",
      "provider": "provider[\"registry.terraform.io/hetznercloud/hcloud\"]",
      "instances": [
        {
          "schema_version": 0,
          "attributes": {
            "delete_protection": false,
            "description": "",
            "home_location": "nbg1",
            "id": "95270315",
            "ip_address": "116.203.4.57",
            "ip_network": null,
            "labels": {},
            "name": "floating_ip-95270315",
            "server_id": 104405228,
            "type": "ipv4"
          },
          "sensitive_attributes": [],
          "identity_schema_version": 0,
          "private": "bnVsbA=="
        }
      ]
    },
    {
      "mode": "managed",
      "type": "hcloud_floating_ip_assignment",
      "name": "a",
      "provider": "provider[\"registry.terraform.io/hetznercloud/hcloud\"]",
      "instances": [
        {
          "schema_version": 0,
          "attributes": {
            "floating_ip_id": 95270315,
            "id": "95270315",
            "server_id": 104405896
          },
          "sensitive_attributes": [],
          "identity_schema_version": 0,
          "private": "bnVsbA==",
          "dependencies": [
            "hcloud_floating_ip.public",
            "hcloud_server.web",
            "hcloud_ssh_key.default"
          ]
        }
      ]
    },
    {
      "mode": "managed",
      "type": "hcloud_server",
      "name": "web",
      "provider": "provider[\"registry.terraform.io/hetznercloud/hcloud\"]",
      "instances": [
        {
          "schema_version": 0,
          "attributes": {
            "allow_deprecated_images": false,
            "backup_window": "",
            "backups": false,
            "datacenter": "nbg1-dc3",
            "delete_protection": false,
            "firewall_ids": [],
            "id": "104405896",
            "ignore_remote_firewall_ids": false,
            "image": "ubuntu-22.04",
            "ipv4_address": "116.203.56.166",
            "ipv6_address": "2a01:4f8:1c1a:b9f6::1",
            "ipv6_network": "2a01:4f8:1c1a:b9f6::/64",
            "iso": null,
            "keep_disk": false,
            "labels": null,
            "location": "nbg1",
            "name": "egle-web",
            "network": [],
            "placement_group_id": 0,
            "primary_disk_size": 40,
            "public_net": [],
            "rebuild_protection": false,
            "rescue": null,
            "server_type": "cx22",
            "shutdown_before_deletion": false,
            "ssh_keys": [
              "100343173"
            ],
            "status": "running",
            "timeouts": null,
            "user_data": "72RDskNqlrUxuqdntqtIui6EJhs="
          },
          "sensitive_attributes": [],
          "identity_schema_version": 0,
          "private": "eyJlMmJmYjczMC1lY2FhLTExZTYtOGY4OC0zNDM2M2JjN2M0YzAiOnsiY3JlYXRlIjo1NDAwMDAwMDAwMDAwfX0=",
          "dependencies": [
            "hcloud_ssh_key.default"
          ]
        }
      ]
    },
    {
      "mode": "managed",
      "type": "hcloud_ssh_key",
      "name": "default",
      "provider": "provider[\"registry.terraform.io/hetznercloud/hcloud\"]",
      "instances": [
        {
          "schema_version": 0,
          "attributes": {
            "fingerprint": "ca:a3:12:e5:d8:25:08:1a:07:d7:82:4f:93:8e:3f:0e",
            "id": "100343173",
            "labels": {},
            "name": "egle-web-key",
            "public_key": "ssh-ed25519 AAAAC3NzaC1lZDI1NTE5AAAAIKkTq7K27Zrp0R4qEWr3rQU/dfZj+vO4AhGuwEDQTV1n eth@ngledwards.co.uk\n"
          },
          "sensitive_attributes": [],
          "identity_schema_version": 0
        }
      ]
    },
    {
      "mode": "managed",
      "type": "hcloud_volume",
      "name": "storage",
      "provider": "provider[\"registry.terraform.io/hetznercloud/hcloud\"]",
      "instances": [
        {
          "schema_version": 0,
          "attributes": {
            "automount": true,
            "delete_protection": false,
            "format": "ext4",
            "id": "102916156",
            "labels": {},
            "linux_device": "/dev/disk/by-id/scsi-0HC_Volume_102916156",
            "location": "nbg1",
            "name": "my-volume",
            "server_id": 104405896,
            "size": 50
          },
          "sensitive_attributes": [],
          "identity_schema_version": 0,
          "private": "bnVsbA==",
          "dependencies": [
            "hcloud_server.web",
            "hcloud_ssh_key.default"
          ]
        }
      ]
    }
  ],
  "check_results": null
}
